// !$*UTF8*$!
{
	archiveVersion = 1;
	classes = {
	};
	objectVersion = 50;
	objects = {

/* Begin PBXBuildFile section */
		BD660115246F7966003D4DC1 /* AppDelegate.swift in Sources */ = {isa = PBXBuildFile; fileRef = BD660114246F7966003D4DC1 /* AppDelegate.swift */; };
		BD660117246F7966003D4DC1 /* SceneDelegate.swift in Sources */ = {isa = PBXBuildFile; fileRef = BD660116246F7966003D4DC1 /* SceneDelegate.swift */; };
		BD660119246F7966003D4DC1 /* ViewController.swift in Sources */ = {isa = PBXBuildFile; fileRef = BD660118246F7966003D4DC1 /* ViewController.swift */; };
		BD66011C246F7966003D4DC1 /* Main.storyboard in Resources */ = {isa = PBXBuildFile; fileRef = BD66011A246F7966003D4DC1 /* Main.storyboard */; };
		BD66011F246F7966003D4DC1 /* Bot_teste.xcdatamodeld in Sources */ = {isa = PBXBuildFile; fileRef = BD66011D246F7966003D4DC1 /* Bot_teste.xcdatamodeld */; };
		BD660121246F7967003D4DC1 /* Assets.xcassets in Resources */ = {isa = PBXBuildFile; fileRef = BD660120246F7967003D4DC1 /* Assets.xcassets */; };
		BD660124246F7967003D4DC1 /* LaunchScreen.storyboard in Resources */ = {isa = PBXBuildFile; fileRef = BD660122246F7967003D4DC1 /* LaunchScreen.storyboard */; };
		BD66012F246F7967003D4DC1 /* Bot_testeTests.swift in Sources */ = {isa = PBXBuildFile; fileRef = BD66012E246F7967003D4DC1 /* Bot_testeTests.swift */; };
		BD66013A246F7967003D4DC1 /* Bot_testeUITests.swift in Sources */ = {isa = PBXBuildFile; fileRef = BD660139246F7967003D4DC1 /* Bot_testeUITests.swift */; };
/* End PBXBuildFile section */

/* Begin PBXContainerItemProxy section */
		BD66012B246F7967003D4DC1 /* PBXContainerItemProxy */ = {
			isa = PBXContainerItemProxy;
			containerPortal = BD660109246F7966003D4DC1 /* Project object */;
			proxyType = 1;
			remoteGlobalIDString = BD660110246F7966003D4DC1;
			remoteInfo = Bot_teste;
		};
		BD660136246F7967003D4DC1 /* PBXContainerItemProxy */ = {
			isa = PBXContainerItemProxy;
			containerPortal = BD660109246F7966003D4DC1 /* Project object */;
			proxyType = 1;
			remoteGlobalIDString = BD660110246F7966003D4DC1;
			remoteInfo = Bot_teste;
		};
/* End PBXContainerItemProxy section */

/* Begin PBXFileReference section */
		BD660111246F7966003D4DC1 /* Bot_teste.app */ = {isa = PBXFileReference; explicitFileType = wrapper.application; includeInIndex = 0; path = Bot_teste.app; sourceTree = BUILT_PRODUCTS_DIR; };
		BD660114246F7966003D4DC1 /* AppDelegate.swift */ = {isa = PBXFileReference; lastKnownFileType = sourcecode.swift; path = AppDelegate.swift; sourceTree = "<group>"; };
		BD660116246F7966003D4DC1 /* SceneDelegate.swift */ = {isa = PBXFileReference; lastKnownFileType = sourcecode.swift; path = SceneDelegate.swift; sourceTree = "<group>"; };
		BD660118246F7966003D4DC1 /* ViewController.swift */ = {isa = PBXFileReference; lastKnownFileType = sourcecode.swift; path = ViewController.swift; sourceTree = "<group>"; };
		BD66011B246F7966003D4DC1 /* Base */ = {isa = PBXFileReference; lastKnownFileType = file.storyboard; name = Base; path = Base.lproj/Main.storyboard; sourceTree = "<group>"; };
		BD66011E246F7966003D4DC1 /* Bot_teste.xcdatamodel */ = {isa = PBXFileReference; lastKnownFileType = wrapper.xcdatamodel; path = Bot_teste.xcdatamodel; sourceTree = "<group>"; };
		BD660120246F7967003D4DC1 /* Assets.xcassets */ = {isa = PBXFileReference; lastKnownFileType = folder.assetcatalog; path = Assets.xcassets; sourceTree = "<group>"; };
		BD660123246F7967003D4DC1 /* Base */ = {isa = PBXFileReference; lastKnownFileType = file.storyboard; name = Base; path = Base.lproj/LaunchScreen.storyboard; sourceTree = "<group>"; };
		BD660125246F7967003D4DC1 /* Info.plist */ = {isa = PBXFileReference; lastKnownFileType = text.plist.xml; path = Info.plist; sourceTree = "<group>"; };
		BD66012A246F7967003D4DC1 /* Bot_testeTests.xctest */ = {isa = PBXFileReference; explicitFileType = wrapper.cfbundle; includeInIndex = 0; path = Bot_testeTests.xctest; sourceTree = BUILT_PRODUCTS_DIR; };
		BD66012E246F7967003D4DC1 /* Bot_testeTests.swift */ = {isa = PBXFileReference; lastKnownFileType = sourcecode.swift; path = Bot_testeTests.swift; sourceTree = "<group>"; };
		BD660130246F7967003D4DC1 /* Info.plist */ = {isa = PBXFileReference; lastKnownFileType = text.plist.xml; path = Info.plist; sourceTree = "<group>"; };
		BD660135246F7967003D4DC1 /* Bot_testeUITests.xctest */ = {isa = PBXFileReference; explicitFileType = wrapper.cfbundle; includeInIndex = 0; path = Bot_testeUITests.xctest; sourceTree = BUILT_PRODUCTS_DIR; };
		BD660139246F7967003D4DC1 /* Bot_testeUITests.swift */ = {isa = PBXFileReference; lastKnownFileType = sourcecode.swift; path = Bot_testeUITests.swift; sourceTree = "<group>"; };
		BD66013B246F7967003D4DC1 /* Info.plist */ = {isa = PBXFileReference; lastKnownFileType = text.plist.xml; path = Info.plist; sourceTree = "<group>"; };
		BD660148246F7A94003D4DC1 /* Sword-rewrite */ = {isa = PBXFileReference; lastKnownFileType = folder; name = "Sword-rewrite"; path = "../Sword-rewrite"; sourceTree = "<group>"; };
/* End PBXFileReference section */

/* Begin PBXFrameworksBuildPhase section */
		BD66010E246F7966003D4DC1 /* Frameworks */ = {
			isa = PBXFrameworksBuildPhase;
			buildActionMask = 2147483647;
			files = (
			);
			runOnlyForDeploymentPostprocessing = 0;
		};
		BD660127246F7967003D4DC1 /* Frameworks */ = {
			isa = PBXFrameworksBuildPhase;
			buildActionMask = 2147483647;
			files = (
			);
			runOnlyForDeploymentPostprocessing = 0;
		};
		BD660132246F7967003D4DC1 /* Frameworks */ = {
			isa = PBXFrameworksBuildPhase;
			buildActionMask = 2147483647;
			files = (
			);
			runOnlyForDeploymentPostprocessing = 0;
		};
/* End PBXFrameworksBuildPhase section */

/* Begin PBXGroup section */
		BD660108246F7966003D4DC1 = {
			isa = PBXGroup;
			children = (
				BD660113246F7966003D4DC1 /* Bot_teste */,
				BD66012D246F7967003D4DC1 /* Bot_testeTests */,
				BD660138246F7967003D4DC1 /* Bot_testeUITests */,
				BD660112246F7966003D4DC1 /* Products */,
				BD660147246F7A94003D4DC1 /* Frameworks */,
			);
			sourceTree = "<group>";
		};
		BD660112246F7966003D4DC1 /* Products */ = {
			isa = PBXGroup;
			children = (
				BD660111246F7966003D4DC1 /* Bot_teste.app */,
				BD66012A246F7967003D4DC1 /* Bot_testeTests.xctest */,
				BD660135246F7967003D4DC1 /* Bot_testeUITests.xctest */,
			);
			name = Products;
			sourceTree = "<group>";
		};
		BD660113246F7966003D4DC1 /* Bot_teste */ = {
			isa = PBXGroup;
			children = (
				BD660114246F7966003D4DC1 /* AppDelegate.swift */,
				BD660116246F7966003D4DC1 /* SceneDelegate.swift */,
				BD660118246F7966003D4DC1 /* ViewController.swift */,
				BD66011A246F7966003D4DC1 /* Main.storyboard */,
				BD660120246F7967003D4DC1 /* Assets.xcassets */,
				BD660122246F7967003D4DC1 /* LaunchScreen.storyboard */,
				BD660125246F7967003D4DC1 /* Info.plist */,
				BD66011D246F7966003D4DC1 /* Bot_teste.xcdatamodeld */,
			);
			path = Bot_teste;
			sourceTree = "<group>";
		};
		BD66012D246F7967003D4DC1 /* Bot_testeTests */ = {
			isa = PBXGroup;
			children = (
				BD66012E246F7967003D4DC1 /* Bot_testeTests.swift */,
				BD660130246F7967003D4DC1 /* Info.plist */,
			);
			path = Bot_testeTests;
			sourceTree = "<group>";
		};
		BD660138246F7967003D4DC1 /* Bot_testeUITests */ = {
			isa = PBXGroup;
			children = (
				BD660139246F7967003D4DC1 /* Bot_testeUITests.swift */,
				BD66013B246F7967003D4DC1 /* Info.plist */,
			);
			path = Bot_testeUITests;
			sourceTree = "<group>";
		};
		BD660147246F7A94003D4DC1 /* Frameworks */ = {
			isa = PBXGroup;
			children = (
				BD660148246F7A94003D4DC1 /* Sword-rewrite */,
			);
			name = Frameworks;
			sourceTree = "<group>";
		};
/* End PBXGroup section */

/* Begin PBXNativeTarget section */
		BD660110246F7966003D4DC1 /* Bot_teste */ = {
			isa = PBXNativeTarget;
			buildConfigurationList = BD66013E246F7967003D4DC1 /* Build configuration list for PBXNativeTarget "Bot_teste" */;
			buildPhases = (
				BD66010D246F7966003D4DC1 /* Sources */,
				BD66010E246F7966003D4DC1 /* Frameworks */,
				BD66010F246F7966003D4DC1 /* Resources */,
			);
			buildRules = (
			);
			dependencies = (
			);
			name = Bot_teste;
			productName = Bot_teste;
			productReference = BD660111246F7966003D4DC1 /* Bot_teste.app */;
			productType = "com.apple.product-type.application";
		};
		BD660129246F7967003D4DC1 /* Bot_testeTests */ = {
			isa = PBXNativeTarget;
			buildConfigurationList = BD660141246F7967003D4DC1 /* Build configuration list for PBXNativeTarget "Bot_testeTests" */;
			buildPhases = (
				BD660126246F7967003D4DC1 /* Sources */,
				BD660127246F7967003D4DC1 /* Frameworks */,
				BD660128246F7967003D4DC1 /* Resources */,
			);
			buildRules = (
			);
			dependencies = (
				BD66012C246F7967003D4DC1 /* PBXTargetDependency */,
			);
			name = Bot_testeTests;
			productName = Bot_testeTests;
			productReference = BD66012A246F7967003D4DC1 /* Bot_testeTests.xctest */;
			productType = "com.apple.product-type.bundle.unit-test";
		};
		BD660134246F7967003D4DC1 /* Bot_testeUITests */ = {
			isa = PBXNativeTarget;
			buildConfigurationList = BD660144246F7967003D4DC1 /* Build configuration list for PBXNativeTarget "Bot_testeUITests" */;
			buildPhases = (
				BD660131246F7967003D4DC1 /* Sources */,
				BD660132246F7967003D4DC1 /* Frameworks */,
				BD660133246F7967003D4DC1 /* Resources */,
			);
			buildRules = (
			);
			dependencies = (
				BD660137246F7967003D4DC1 /* PBXTargetDependency */,
			);
			name = Bot_testeUITests;
			productName = Bot_testeUITests;
			productReference = BD660135246F7967003D4DC1 /* Bot_testeUITests.xctest */;
			productType = "com.apple.product-type.bundle.ui-testing";
		};
/* End PBXNativeTarget section */

/* Begin PBXProject section */
		BD660109246F7966003D4DC1 /* Project object */ = {
			isa = PBXProject;
			attributes = {
				LastSwiftUpdateCheck = 1140;
				LastUpgradeCheck = 1140;
				ORGANIZATIONNAME = "Rodrigo Ryo Aoki";
				TargetAttributes = {
					BD660110246F7966003D4DC1 = {
						CreatedOnToolsVersion = 11.4;
					};
					BD660129246F7967003D4DC1 = {
						CreatedOnToolsVersion = 11.4;
						TestTargetID = BD660110246F7966003D4DC1;
					};
					BD660134246F7967003D4DC1 = {
						CreatedOnToolsVersion = 11.4;
						TestTargetID = BD660110246F7966003D4DC1;
					};
				};
			};
			buildConfigurationList = BD66010C246F7966003D4DC1 /* Build configuration list for PBXProject "Bot_teste" */;
			compatibilityVersion = "Xcode 9.3";
			developmentRegion = en;
			hasScannedForEncodings = 0;
			knownRegions = (
				en,
				Base,
			);
			mainGroup = BD660108246F7966003D4DC1;
			productRefGroup = BD660112246F7966003D4DC1 /* Products */;
			projectDirPath = "";
			projectRoot = "";
			targets = (
				BD660110246F7966003D4DC1 /* Bot_teste */,
				BD660129246F7967003D4DC1 /* Bot_testeTests */,
				BD660134246F7967003D4DC1 /* Bot_testeUITests */,
			);
		};
/* End PBXProject section */

/* Begin PBXResourcesBuildPhase section */
		BD66010F246F7966003D4DC1 /* Resources */ = {
			isa = PBXResourcesBuildPhase;
			buildActionMask = 2147483647;
			files = (
				BD660124246F7967003D4DC1 /* LaunchScreen.storyboard in Resources */,
				BD660121246F7967003D4DC1 /* Assets.xcassets in Resources */,
				BD66011C246F7966003D4DC1 /* Main.storyboard in Resources */,
			);
			runOnlyForDeploymentPostprocessing = 0;
		};
		BD660128246F7967003D4DC1 /* Resources */ = {
			isa = PBXResourcesBuildPhase;
			buildActionMask = 2147483647;
			files = (
			);
			runOnlyForDeploymentPostprocessing = 0;
		};
		BD660133246F7967003D4DC1 /* Resources */ = {
			isa = PBXResourcesBuildPhase;
			buildActionMask = 2147483647;
			files = (
			);
			runOnlyForDeploymentPostprocessing = 0;
		};
/* End PBXResourcesBuildPhase section */

/* Begin PBXSourcesBuildPhase section */
		BD66010D246F7966003D4DC1 /* Sources */ = {
			isa = PBXSourcesBuildPhase;
			buildActionMask = 2147483647;
			files = (
				BD660119246F7966003D4DC1 /* ViewController.swift in Sources */,
				BD660115246F7966003D4DC1 /* AppDelegate.swift in Sources */,
				BD660117246F7966003D4DC1 /* SceneDelegate.swift in Sources */,
				BD66011F246F7966003D4DC1 /* Bot_teste.xcdatamodeld in Sources */,
			);
			runOnlyForDeploymentPostprocessing = 0;
		};
		BD660126246F7967003D4DC1 /* Sources */ = {
			isa = PBXSourcesBuildPhase;
			buildActionMask = 2147483647;
			files = (
				BD66012F246F7967003D4DC1 /* Bot_testeTests.swift in Sources */,
			);
			runOnlyForDeploymentPostprocessing = 0;
		};
		BD660131246F7967003D4DC1 /* Sources */ = {
			isa = PBXSourcesBuildPhase;
			buildActionMask = 2147483647;
			files = (
				BD66013A246F7967003D4DC1 /* Bot_testeUITests.swift in Sources */,
			);
			runOnlyForDeploymentPostprocessing = 0;
		};
/* End PBXSourcesBuildPhase section */

/* Begin PBXTargetDependency section */
		BD66012C246F7967003D4DC1 /* PBXTargetDependency */ = {
			isa = PBXTargetDependency;
			target = BD660110246F7966003D4DC1 /* Bot_teste */;
			targetProxy = BD66012B246F7967003D4DC1 /* PBXContainerItemProxy */;
		};
		BD660137246F7967003D4DC1 /* PBXTargetDependency */ = {
			isa = PBXTargetDependency;
			target = BD660110246F7966003D4DC1 /* Bot_teste */;
			targetProxy = BD660136246F7967003D4DC1 /* PBXContainerItemProxy */;
		};
/* End PBXTargetDependency section */

/* Begin PBXVariantGroup section */
		BD66011A246F7966003D4DC1 /* Main.storyboard */ = {
			isa = PBXVariantGroup;
			children = (
				BD66011B246F7966003D4DC1 /* Base */,
			);
			name = Main.storyboard;
			sourceTree = "<group>";
		};
		BD660122246F7967003D4DC1 /* LaunchScreen.storyboard */ = {
			isa = PBXVariantGroup;
			children = (
				BD660123246F7967003D4DC1 /* Base */,
			);
			name = LaunchScreen.storyboard;
			sourceTree = "<group>";
		};
/* End PBXVariantGroup section */

/* Begin XCBuildConfiguration section */
		BD66013C246F7967003D4DC1 /* Debug */ = {
			isa = XCBuildConfiguration;
			buildSettings = {
				ALWAYS_SEARCH_USER_PATHS = NO;
				CLANG_ANALYZER_NONNULL = YES;
				CLANG_ANALYZER_NUMBER_OBJECT_CONVERSION = YES_AGGRESSIVE;
				CLANG_CXX_LANGUAGE_STANDARD = "gnu++14";
				CLANG_CXX_LIBRARY = "libc++";
				CLANG_ENABLE_MODULES = YES;
				CLANG_ENABLE_OBJC_ARC = YES;
				CLANG_ENABLE_OBJC_WEAK = YES;
				CLANG_WARN_BLOCK_CAPTURE_AUTORELEASING = YES;
				CLANG_WARN_BOOL_CONVERSION = YES;
				CLANG_WARN_COMMA = YES;
				CLANG_WARN_CONSTANT_CONVERSION = YES;
				CLANG_WARN_DEPRECATED_OBJC_IMPLEMENTATIONS = YES;
				CLANG_WARN_DIRECT_OBJC_ISA_USAGE = YES_ERROR;
				CLANG_WARN_DOCUMENTATION_COMMENTS = YES;
				CLANG_WARN_EMPTY_BODY = YES;
				CLANG_WARN_ENUM_CONVERSION = YES;
				CLANG_WARN_INFINITE_RECURSION = YES;
				CLANG_WARN_INT_CONVERSION = YES;
				CLANG_WARN_NON_LITERAL_NULL_CONVERSION = YES;
				CLANG_WARN_OBJC_IMPLICIT_RETAIN_SELF = YES;
				CLANG_WARN_OBJC_LITERAL_CONVERSION = YES;
				CLANG_WARN_OBJC_ROOT_CLASS = YES_ERROR;
				CLANG_WARN_RANGE_LOOP_ANALYSIS = YES;
				CLANG_WARN_STRICT_PROTOTYPES = YES;
				CLANG_WARN_SUSPICIOUS_MOVE = YES;
				CLANG_WARN_UNGUARDED_AVAILABILITY = YES_AGGRESSIVE;
				CLANG_WARN_UNREACHABLE_CODE = YES;
				CLANG_WARN__DUPLICATE_METHOD_MATCH = YES;
				COPY_PHASE_STRIP = NO;
				DEBUG_INFORMATION_FORMAT = dwarf;
				ENABLE_STRICT_OBJC_MSGSEND = YES;
				ENABLE_TESTABILITY = YES;
				GCC_C_LANGUAGE_STANDARD = gnu11;
				GCC_DYNAMIC_NO_PIC = NO;
				GCC_NO_COMMON_BLOCKS = YES;
				GCC_OPTIMIZATION_LEVEL = 0;
				GCC_PREPROCESSOR_DEFINITIONS = (
					"DEBUG=1",
					"$(inherited)",
				);
				GCC_WARN_64_TO_32_BIT_CONVERSION = YES;
				GCC_WARN_ABOUT_RETURN_TYPE = YES_ERROR;
				GCC_WARN_UNDECLARED_SELECTOR = YES;
				GCC_WARN_UNINITIALIZED_AUTOS = YES_AGGRESSIVE;
				GCC_WARN_UNUSED_FUNCTION = YES;
				GCC_WARN_UNUSED_VARIABLE = YES;
				IPHONEOS_DEPLOYMENT_TARGET = 13.4;
				MTL_ENABLE_DEBUG_INFO = INCLUDE_SOURCE;
				MTL_FAST_MATH = YES;
				ONLY_ACTIVE_ARCH = YES;
				SDKROOT = iphoneos;
				SWIFT_ACTIVE_COMPILATION_CONDITIONS = DEBUG;
				SWIFT_OPTIMIZATION_LEVEL = "-Onone";
			};
			name = Debug;
		};
		BD66013D246F7967003D4DC1 /* Release */ = {
			isa = XCBuildConfiguration;
			buildSettings = {
				ALWAYS_SEARCH_USER_PATHS = NO;
				CLANG_ANALYZER_NONNULL = YES;
				CLANG_ANALYZER_NUMBER_OBJECT_CONVERSION = YES_AGGRESSIVE;
				CLANG_CXX_LANGUAGE_STANDARD = "gnu++14";
				CLANG_CXX_LIBRARY = "libc++";
				CLANG_ENABLE_MODULES = YES;
				CLANG_ENABLE_OBJC_ARC = YES;
				CLANG_ENABLE_OBJC_WEAK = YES;
				CLANG_WARN_BLOCK_CAPTURE_AUTORELEASING = YES;
				CLANG_WARN_BOOL_CONVERSION = YES;
				CLANG_WARN_COMMA = YES;
				CLANG_WARN_CONSTANT_CONVERSION = YES;
				CLANG_WARN_DEPRECATED_OBJC_IMPLEMENTATIONS = YES;
				CLANG_WARN_DIRECT_OBJC_ISA_USAGE = YES_ERROR;
				CLANG_WARN_DOCUMENTATION_COMMENTS = YES;
				CLANG_WARN_EMPTY_BODY = YES;
				CLANG_WARN_ENUM_CONVERSION = YES;
				CLANG_WARN_INFINITE_RECURSION = YES;
				CLANG_WARN_INT_CONVERSION = YES;
				CLANG_WARN_NON_LITERAL_NULL_CONVERSION = YES;
				CLANG_WARN_OBJC_IMPLICIT_RETAIN_SELF = YES;
				CLANG_WARN_OBJC_LITERAL_CONVERSION = YES;
				CLANG_WARN_OBJC_ROOT_CLASS = YES_ERROR;
				CLANG_WARN_RANGE_LOOP_ANALYSIS = YES;
				CLANG_WARN_STRICT_PROTOTYPES = YES;
				CLANG_WARN_SUSPICIOUS_MOVE = YES;
				CLANG_WARN_UNGUARDED_AVAILABILITY = YES_AGGRESSIVE;
				CLANG_WARN_UNREACHABLE_CODE = YES;
				CLANG_WARN__DUPLICATE_METHOD_MATCH = YES;
				COPY_PHASE_STRIP = NO;
				DEBUG_INFORMATION_FORMAT = "dwarf-with-dsym";
				ENABLE_NS_ASSERTIONS = NO;
				ENABLE_STRICT_OBJC_MSGSEND = YES;
				GCC_C_LANGUAGE_STANDARD = gnu11;
				GCC_NO_COMMON_BLOCKS = YES;
				GCC_WARN_64_TO_32_BIT_CONVERSION = YES;
				GCC_WARN_ABOUT_RETURN_TYPE = YES_ERROR;
				GCC_WARN_UNDECLARED_SELECTOR = YES;
				GCC_WARN_UNINITIALIZED_AUTOS = YES_AGGRESSIVE;
				GCC_WARN_UNUSED_FUNCTION = YES;
				GCC_WARN_UNUSED_VARIABLE = YES;
				IPHONEOS_DEPLOYMENT_TARGET = 13.4;
				MTL_ENABLE_DEBUG_INFO = NO;
				MTL_FAST_MATH = YES;
				SDKROOT = iphoneos;
				SWIFT_COMPILATION_MODE = wholemodule;
				SWIFT_OPTIMIZATION_LEVEL = "-O";
				VALIDATE_PRODUCT = YES;
			};
			name = Release;
		};
		BD66013F246F7967003D4DC1 /* Debug */ = {
			isa = XCBuildConfiguration;
			buildSettings = {
				ASSETCATALOG_COMPILER_APPICON_NAME = AppIcon;
				CODE_SIGN_STYLE = Automatic;
				INFOPLIST_FILE = Bot_teste/Info.plist;
				LD_RUNPATH_SEARCH_PATHS = (
					"$(inherited)",
					"@executable_path/Frameworks",
				);
				PRODUCT_BUNDLE_IDENTIFIER = "Aoki.Bot-teste";
				PRODUCT_NAME = "$(TARGET_NAME)";
				SWIFT_VERSION = 5.0;
				TARGETED_DEVICE_FAMILY = "1,2";
			};
			name = Debug;
		};
		BD660140246F7967003D4DC1 /* Release */ = {
			isa = XCBuildConfiguration;
			buildSettings = {
				ASSETCATALOG_COMPILER_APPICON_NAME = AppIcon;
				CODE_SIGN_STYLE = Automatic;
				INFOPLIST_FILE = Bot_teste/Info.plist;
				LD_RUNPATH_SEARCH_PATHS = (
					"$(inherited)",
					"@executable_path/Frameworks",
				);
				PRODUCT_BUNDLE_IDENTIFIER = "Aoki.Bot-teste";
				PRODUCT_NAME = "$(TARGET_NAME)";
				SWIFT_VERSION = 5.0;
				TARGETED_DEVICE_FAMILY = "1,2";
			};
			name = Release;
		};
		BD660142246F7967003D4DC1 /* Debug */ = {
			isa = XCBuildConfiguration;
			buildSettings = {
				ALWAYS_EMBED_SWIFT_STANDARD_LIBRARIES = YES;
				BUNDLE_LOADER = "$(TEST_HOST)";
				CODE_SIGN_STYLE = Automatic;
				INFOPLIST_FILE = Bot_testeTests/Info.plist;
				IPHONEOS_DEPLOYMENT_TARGET = 13.4;
				LD_RUNPATH_SEARCH_PATHS = (
					"$(inherited)",
					"@executable_path/Frameworks",
					"@loader_path/Frameworks",
				);
				PRODUCT_BUNDLE_IDENTIFIER = "Aoki.Bot-testeTests";
				PRODUCT_NAME = "$(TARGET_NAME)";
				SWIFT_VERSION = 5.0;
				TARGETED_DEVICE_FAMILY = "1,2";
				TEST_HOST = "$(BUILT_PRODUCTS_DIR)/Bot_teste.app/Bot_teste";
			};
			name = Debug;
		};
		BD660143246F7967003D4DC1 /* Release */ = {
			isa = XCBuildConfiguration;
			buildSettings = {
				ALWAYS_EMBED_SWIFT_STANDARD_LIBRARIES = YES;
				BUNDLE_LOADER = "$(TEST_HOST)";
				CODE_SIGN_STYLE = Automatic;
				INFOPLIST_FILE = Bot_testeTests/Info.plist;
				IPHONEOS_DEPLOYMENT_TARGET = 13.4;
				LD_RUNPATH_SEARCH_PATHS = (
					"$(inherited)",
					"@executable_path/Frameworks",
					"@loader_path/Frameworks",
				);
				PRODUCT_BUNDLE_IDENTIFIER = "Aoki.Bot-testeTests";
				PRODUCT_NAME = "$(TARGET_NAME)";
				SWIFT_VERSION = 5.0;
				TARGETED_DEVICE_FAMILY = "1,2";
				TEST_HOST = "$(BUILT_PRODUCTS_DIR)/Bot_teste.app/Bot_teste";
			};
			name = Release;
		};
		BD660145246F7967003D4DC1 /* Debug */ = {
			isa = XCBuildConfiguration;
			buildSettings = {
				ALWAYS_EMBED_SWIFT_STANDARD_LIBRARIES = YES;
				CODE_SIGN_STYLE = Automatic;
				INFOPLIST_FILE = Bot_testeUITests/Info.plist;
				LD_RUNPATH_SEARCH_PATHS = (
					"$(inherited)",
					"@executable_path/Frameworks",
					"@loader_path/Frameworks",
				);
				PRODUCT_BUNDLE_IDENTIFIER = "Aoki.Bot-testeUITests";
				PRODUCT_NAME = "$(TARGET_NAME)";
				SWIFT_VERSION = 5.0;
				TARGETED_DEVICE_FAMILY = "1,2";
				TEST_TARGET_NAME = Bot_teste;
			};
			name = Debug;
		};
		BD660146246F7967003D4DC1 /* Release */ = {
			isa = XCBuildConfiguration;
			buildSettings = {
				ALWAYS_EMBED_SWIFT_STANDARD_LIBRARIES = YES;
				CODE_SIGN_STYLE = Automatic;
				INFOPLIST_FILE = Bot_testeUITests/Info.plist;
				LD_RUNPATH_SEARCH_PATHS = (
					"$(inherited)",
					"@executable_path/Frameworks",
					"@loader_path/Frameworks",
				);
				PRODUCT_BUNDLE_IDENTIFIER = "Aoki.Bot-testeUITests";
				PRODUCT_NAME = "$(TARGET_NAME)";
				SWIFT_VERSION = 5.0;
				TARGETED_DEVICE_FAMILY = "1,2";
				TEST_TARGET_NAME = Bot_teste;
			};
			name = Release;
		};
/* End XCBuildConfiguration section */

/* Begin XCConfigurationList section */
		BD66010C246F7966003D4DC1 /* Build configuration list for PBXProject "Bot_teste" */ = {
			isa = XCConfigurationList;
			buildConfigurations = (
				BD66013C246F7967003D4DC1 /* Debug */,
				BD66013D246F7967003D4DC1 /* Release */,
			);
			defaultConfigurationIsVisible = 0;
			defaultConfigurationName = Release;
		};
		BD66013E246F7967003D4DC1 /* Build configuration list for PBXNativeTarget "Bot_teste" */ = {
			isa = XCConfigurationList;
			buildConfigurations = (
				BD66013F246F7967003D4DC1 /* Debug */,
				BD660140246F7967003D4DC1 /* Release */,
			);
			defaultConfigurationIsVisible = 0;
			defaultConfigurationName = Release;
		};
		BD660141246F7967003D4DC1 /* Build configuration list for PBXNativeTarget "Bot_testeTests" */ = {
			isa = XCConfigurationList;
			buildConfigurations = (
				BD660142246F7967003D4DC1 /* Debug */,
				BD660143246F7967003D4DC1 /* Release */,
			);
			defaultConfigurationIsVisible = 0;
			defaultConfigurationName = Release;
		};
		BD660144246F7967003D4DC1 /* Build configuration list for PBXNativeTarget "Bot_testeUITests" */ = {
			isa = XCConfigurationList;
			buildConfigurations = (
				BD660145246F7967003D4DC1 /* Debug */,
				BD660146246F7967003D4DC1 /* Release */,
			);
			defaultConfigurationIsVisible = 0;
			defaultConfigurationName = Release;
		};
/* End XCConfigurationList section */

/* Begin XCVersionGroup section */
		BD66011D246F7966003D4DC1 /* Bot_teste.xcdatamodeld */ = {
			isa = XCVersionGroup;
			children = (
				BD66011E246F7966003D4DC1 /* Bot_teste.xcdatamodel */,
			);
			currentVersion = BD66011E246F7966003D4DC1 /* Bot_teste.xcdatamodel */;
			path = Bot_teste.xcdatamodeld;
			sourceTree = "<group>";
			versionGroupType = wrapper.xcdatamodel;
		};
/* End XCVersionGroup section */
	};
	rootObject = BD660109246F7966003D4DC1 /* Project object */;
}
